
Microsoft Visual Studio Solution File, Format Version 12.00
# Visual Studio Version 16
VisualStudioVersion = 16.0.31321.278
MinimumVisualStudioVersion = 10.0.40219.1
Project("{8BC9CEB8-8B4A-11D0-8D11-00A0C91BC942}") = "Demo15_Beautiful-Chicken", "Demo15_Beautiful-Chicken.vcxproj", "{0F8647BF-34C8-46A0-AFC3-B616D45CEB5C}"
EndProject
Global
	GlobalSection(SolutionConfigurationPlatforms) = preSolution
		Debug|x64 = Debug|x64
		Debug|x86 = Debug|x86
		Release|x64 = Release|x64
		Release|x86 = Release|x86
	EndGlobalSection
	GlobalSection(ProjectConfigurationPlatforms) = postSolution
		{0F8647BF-34C8-46A0-AFC3-B616D45CEB5C}.Debug|x64.ActiveCfg = Debug|x64
		{0F8647BF-34C8-46A0-AFC3-B616D45CEB5C}.Debug|x64.Build.0 = Debug|x64
		{0F8647BF-34C8-46A0-AFC3-B616D45CEB5C}.Debug|x86.ActiveCfg = Debug|Win32
		{0F8647BF-34C8-46A0-AFC3-B616D45CEB5C}.Debug|x86.Build.0 = Debug|Win32
		{0F8647BF-34C8-46A0-AFC3-B616D45CEB5C}.Release|x64.ActiveCfg = Release|x64
		{0F8647BF-34C8-46A0-AFC3-B616D45CEB5C}.Release|x64.Build.0 = Release|x64
		{0F8647BF-34C8-46A0-AFC3-B616D45CEB5C}.Release|x86.ActiveCfg = Release|Win32
		{0F8647BF-34C8-46A0-AFC3-B616D45CEB5C}.Release|x86.Build.0 = Release|Win32
	EndGlobalSection
	GlobalSection(SolutionProperties) = preSolution
		HideSolutionNode = FALSE
	EndGlobalSection
	GlobalSection(ExtensibilityGlobals) = postSolution
		SolutionGuid = {E7551386-B66D-41AF-B70E-AD3EFA96B5A0}
	EndGlobalSection
EndGlobal
