
Microsoft Visual Studio Solution File, Format Version 12.00
# Visual Studio Version 16
VisualStudioVersion = 16.0.31321.278
MinimumVisualStudioVersion = 10.0.40219.1
Project("{8BC9CEB8-8B4A-11D0-8D11-00A0C91BC942}") = "Demo16_Gluttonous-Snake", "Demo16_Gluttonous-Snake.vcxproj", "{92DE5F86-05E0-4DE9-BE6A-D07F83552907}"
EndProject
Global
	GlobalSection(SolutionConfigurationPlatforms) = preSolution
		Debug|x64 = Debug|x64
		Debug|x86 = Debug|x86
		Release|x64 = Release|x64
		Release|x86 = Release|x86
	EndGlobalSection
	GlobalSection(ProjectConfigurationPlatforms) = postSolution
		{92DE5F86-05E0-4DE9-BE6A-D07F83552907}.Debug|x64.ActiveCfg = Debug|x64
		{92DE5F86-05E0-4DE9-BE6A-D07F83552907}.Debug|x64.Build.0 = Debug|x64
		{92DE5F86-05E0-4DE9-BE6A-D07F83552907}.Debug|x86.ActiveCfg = Debug|Win32
		{92DE5F86-05E0-4DE9-BE6A-D07F83552907}.Debug|x86.Build.0 = Debug|Win32
		{92DE5F86-05E0-4DE9-BE6A-D07F83552907}.Release|x64.ActiveCfg = Release|x64
		{92DE5F86-05E0-4DE9-BE6A-D07F83552907}.Release|x64.Build.0 = Release|x64
		{92DE5F86-05E0-4DE9-BE6A-D07F83552907}.Release|x86.ActiveCfg = Release|Win32
		{92DE5F86-05E0-4DE9-BE6A-D07F83552907}.Release|x86.Build.0 = Release|Win32
	EndGlobalSection
	GlobalSection(SolutionProperties) = preSolution
		HideSolutionNode = FALSE
	EndGlobalSection
	GlobalSection(ExtensibilityGlobals) = postSolution
		SolutionGuid = {A33D6535-09D9-466F-8EE5-EDFF7A17E149}
	EndGlobalSection
EndGlobal
